
Microsoft Visual Studio Solution File, Format Version 12.00
# Visual Studio 15
VisualStudioVersion = 15.0.27130.2024
MinimumVisualStudioVersion = 10.0.40219.1
Project("{FAE04EC0-301F-11D3-BF4B-00C04F79EFBC}") = "StarWars.Api", "StarWars.Api\StarWars.Api.csproj", "{99B69479-BE24-42B6-8AD4-1F2DCED09069}"
EndProject
Project("{FAE04EC0-301F-11D3-BF4B-00C04F79EFBC}") = "StarWars.Core", "StarWars.Core\StarWars.Core.csproj", "{9712A320-0374-4070-800C-CE38FC6FC6CE}"
EndProject
Project("{FAE04EC0-301F-11D3-BF4B-00C04F79EFBC}") = "StarWars.Data", "StarWars.Data\StarWars.Data.csproj", "{F2A667FA-2559-4522-A83E-0076570E3F7D}"
EndProject
Global
	GlobalSection(SolutionConfigurationPlatforms) = preSolution
		Debug|Any CPU = Debug|Any CPU
		Release|Any CPU = Release|Any CPU
	EndGlobalSection
	GlobalSection(ProjectConfigurationPlatforms) = postSolution
		{99B69479-BE24-42B6-8AD4-1F2DCED09069}.Debug|Any CPU.ActiveCfg = Debug|Any CPU
		{99B69479-BE24-42B6-8AD4-1F2DCED09069}.Debug|Any CPU.Build.0 = Debug|Any CPU
		{99B69479-BE24-42B6-8AD4-1F2DCED09069}.Release|Any CPU.ActiveCfg = Release|Any CPU
		{99B69479-BE24-42B6-8AD4-1F2DCED09069}.Release|Any CPU.Build.0 = Release|Any CPU
		{9712A320-0374-4070-800C-CE38FC6FC6CE}.Debug|Any CPU.ActiveCfg = Debug|Any CPU
		{9712A320-0374-4070-800C-CE38FC6FC6CE}.Debug|Any CPU.Build.0 = Debug|Any CPU
		{9712A320-0374-4070-800C-CE38FC6FC6CE}.Release|Any CPU.ActiveCfg = Release|Any CPU
		{9712A320-0374-4070-800C-CE38FC6FC6CE}.Release|Any CPU.Build.0 = Release|Any CPU
		{F2A667FA-2559-4522-A83E-0076570E3F7D}.Debug|Any CPU.ActiveCfg = Debug|Any CPU
		{F2A667FA-2559-4522-A83E-0076570E3F7D}.Debug|Any CPU.Build.0 = Debug|Any CPU
		{F2A667FA-2559-4522-A83E-0076570E3F7D}.Release|Any CPU.ActiveCfg = Release|Any CPU
		{F2A667FA-2559-4522-A83E-0076570E3F7D}.Release|Any CPU.Build.0 = Release|Any CPU
	EndGlobalSection
	GlobalSection(SolutionProperties) = preSolution
		HideSolutionNode = FALSE
	EndGlobalSection
	GlobalSection(ExtensibilityGlobals) = postSolution
		SolutionGuid = {B62AA51A-EAA2-44A7-8350-794D23500741}
	EndGlobalSection
EndGlobal
